Microsoft Visual Studio Solution File, Format Version 11.00
# Visual Studio 2008

Project("{A394E281-64E9-680A-C4D7-E104AB6DF04C}") = "161115_2D", "Assembly-CSharp.csproj", "{6FBFB891-9D59-7780-097D-27E0C76BA964}"
EndProject
Global
	GlobalSection(SolutionConfigurationPlatforms) = preSolution
		Debug|Any CPU = Debug|Any CPU
		Release|Any CPU = Release|Any CPU
	EndGlobalSection
	GlobalSection(ProjectConfigurationPlatforms) = postSolution
		{6FBFB891-9D59-7780-097D-27E0C76BA964}.Debug|Any CPU.ActiveCfg = Debug|Any CPU
		{6FBFB891-9D59-7780-097D-27E0C76BA964}.Debug|Any CPU.Build.0 = Debug|Any CPU
		{6FBFB891-9D59-7780-097D-27E0C76BA964}.Release|Any CPU.ActiveCfg = Release|Any CPU
		{6FBFB891-9D59-7780-097D-27E0C76BA964}.Release|Any CPU.Build.0 = Release|Any CPU
	EndGlobalSection
	GlobalSection(SolutionProperties) = preSolution
		HideSolutionNode = FALSE
	EndGlobalSection
	GlobalSection(MonoDevelopProperties) = preSolution
		StartupItem = Assembly-CSharp.csproj
	EndGlobalSection
EndGlobal
